// !$*UTF8*$!
{
	archiveVersion = 1;
	classes = {
	};
	objectVersion = 55;
	objects = {

/* Begin PBXBuildFile section */
		757CF7142A3B14BC00A05D63 /* CardsGenerator.swift in Sources */ = {isa = PBXBuildFile; fileRef = 757CF7132A3B14BC00A05D63 /* CardsGenerator.swift */; };
		75BFC5822A42E83B003C0850 /* StorageManager.swift in Sources */ = {isa = PBXBuildFile; fileRef = 75BFC5812A42E83B003C0850 /* StorageManager.swift */; };
		75D2F8E02A399EFA00728AEB /* AppDelegate.swift in Sources */ = {isa = PBXBuildFile; fileRef = 75D2F8DF2A399EFA00728AEB /* AppDelegate.swift */; };
		75D2F8E22A399EFA00728AEB /* SceneDelegate.swift in Sources */ = {isa = PBXBuildFile; fileRef = 75D2F8E12A399EFA00728AEB /* SceneDelegate.swift */; };
		75D2F8E42A399EFA00728AEB /* GameViewController.swift in Sources */ = {isa = PBXBuildFile; fileRef = 75D2F8E32A399EFA00728AEB /* GameViewController.swift */; };
		75D2F8EA2A399EFA00728AEB /* The_Memory.xcdatamodeld in Sources */ = {isa = PBXBuildFile; fileRef = 75D2F8E82A399EFA00728AEB /* The_Memory.xcdatamodeld */; };
		75D2F8EC2A399EFD00728AEB /* Assets.xcassets in Resources */ = {isa = PBXBuildFile; fileRef = 75D2F8EB2A399EFD00728AEB /* Assets.xcassets */; };
		75D2F8EF2A399EFD00728AEB /* LaunchScreen.storyboard in Resources */ = {isa = PBXBuildFile; fileRef = 75D2F8ED2A399EFD00728AEB /* LaunchScreen.storyboard */; };
		75D2F8F72A39A8F900728AEB /* CardsCollectionView.swift in Sources */ = {isa = PBXBuildFile; fileRef = 75D2F8F62A39A8F900728AEB /* CardsCollectionView.swift */; };
		75D2F8F92A39A9EA00728AEB /* CardsCollectionViewCell.swift in Sources */ = {isa = PBXBuildFile; fileRef = 75D2F8F82A39A9EA00728AEB /* CardsCollectionViewCell.swift */; };
		75E9CF682A41E205008398EE /* MenuViewController.swift in Sources */ = {isa = PBXBuildFile; fileRef = 75E9CF672A41E205008398EE /* MenuViewController.swift */; };
		75ECBFEC2A456E21000970F0 /* TimerView.swift in Sources */ = {isa = PBXBuildFile; fileRef = 75ECBFEB2A456E21000970F0 /* TimerView.swift */; };
/* End PBXBuildFile section */

/* Begin PBXFileReference section */
		757CF7132A3B14BC00A05D63 /* CardsGenerator.swift */ = {isa = PBXFileReference; lastKnownFileType = sourcecode.swift; path = CardsGenerator.swift; sourceTree = "<group>"; };
		75BFC5812A42E83B003C0850 /* StorageManager.swift */ = {isa = PBXFileReference; lastKnownFileType = sourcecode.swift; path = StorageManager.swift; sourceTree = "<group>"; };
		75D2F8DC2A399EFA00728AEB /* The Memory.app */ = {isa = PBXFileReference; explicitFileType = wrapper.application; includeInIndex = 0; path = "The Memory.app"; sourceTree = BUILT_PRODUCTS_DIR; };
		75D2F8DF2A399EFA00728AEB /* AppDelegate.swift */ = {isa = PBXFileReference; lastKnownFileType = sourcecode.swift; path = AppDelegate.swift; sourceTree = "<group>"; };
		75D2F8E12A399EFA00728AEB /* SceneDelegate.swift */ = {isa = PBXFileReference; lastKnownFileType = sourcecode.swift; path = SceneDelegate.swift; sourceTree = "<group>"; };
		75D2F8E32A399EFA00728AEB /* GameViewController.swift */ = {isa = PBXFileReference; lastKnownFileType = sourcecode.swift; path = GameViewController.swift; sourceTree = "<group>"; };
		75D2F8E92A399EFA00728AEB /* The_Memory.xcdatamodel */ = {isa = PBXFileReference; lastKnownFileType = wrapper.xcdatamodel; path = The_Memory.xcdatamodel; sourceTree = "<group>"; };
		75D2F8EB2A399EFD00728AEB /* Assets.xcassets */ = {isa = PBXFileReference; lastKnownFileType = folder.assetcatalog; path = Assets.xcassets; sourceTree = "<group>"; };
		75D2F8EE2A399EFD00728AEB /* Base */ = {isa = PBXFileReference; lastKnownFileType = file.storyboard; name = Base; path = Base.lproj/LaunchScreen.storyboard; sourceTree = "<group>"; };
		75D2F8F02A399EFD00728AEB /* Info.plist */ = {isa = PBXFileReference; lastKnownFileType = text.plist.xml; path = Info.plist; sourceTree = "<group>"; };
		75D2F8F62A39A8F900728AEB /* CardsCollectionView.swift */ = {isa = PBXFileReference; lastKnownFileType = sourcecode.swift; path = CardsCollectionView.swift; sourceTree = "<group>"; };
		75D2F8F82A39A9EA00728AEB /* CardsCollectionViewCell.swift */ = {isa = PBXFileReference; lastKnownFileType = sourcecode.swift; path = CardsCollectionViewCell.swift; sourceTree = "<group>"; };
		75E9CF672A41E205008398EE /* MenuViewController.swift */ = {isa = PBXFileReference; lastKnownFileType = sourcecode.swift; path = MenuViewController.swift; sourceTree = "<group>"; };
		75ECBFEB2A456E21000970F0 /* TimerView.swift */ = {isa = PBXFileReference; lastKnownFileType = sourcecode.swift; path = TimerView.swift; sourceTree = "<group>"; };
/* End PBXFileReference section */

/* Begin PBXFrameworksBuildPhase section */
		75D2F8D92A399EFA00728AEB /* Frameworks */ = {
			isa = PBXFrameworksBuildPhase;
			buildActionMask = 2147483647;
			files = (
			);
			runOnlyForDeploymentPostprocessing = 0;
		};
/* End PBXFrameworksBuildPhase section */

/* Begin PBXGroup section */
		75BFC5802A42E81B003C0850 /* Services */ = {
			isa = PBXGroup;
			children = (
				757CF7132A3B14BC00A05D63 /* CardsGenerator.swift */,
				75BFC5812A42E83B003C0850 /* StorageManager.swift */,
			);
			path = Services;
			sourceTree = "<group>";
		};
		75D2F8D32A399EFA00728AEB = {
			isa = PBXGroup;
			children = (
				75D2F8DE2A399EFA00728AEB /* The Memory */,
				75D2F8DD2A399EFA00728AEB /* Products */,
			);
			sourceTree = "<group>";
		};
		75D2F8DD2A399EFA00728AEB /* Products */ = {
			isa = PBXGroup;
			children = (
				75D2F8DC2A399EFA00728AEB /* The Memory.app */,
			);
			name = Products;
			sourceTree = "<group>";
		};
		75D2F8DE2A399EFA00728AEB /* The Memory */ = {
			isa = PBXGroup;
			children = (
				75D2F8DF2A399EFA00728AEB /* AppDelegate.swift */,
				75D2F8E12A399EFA00728AEB /* SceneDelegate.swift */,
				75BFC5802A42E81B003C0850 /* Services */,
				75E9CF662A41E147008398EE /* ViewControllers */,
				75E9CF652A41E13C008398EE /* Views */,
				75D2F8EB2A399EFD00728AEB /* Assets.xcassets */,
				75D2F8ED2A399EFD00728AEB /* LaunchScreen.storyboard */,
				75D2F8F02A399EFD00728AEB /* Info.plist */,
				75D2F8E82A399EFA00728AEB /* The_Memory.xcdatamodeld */,
			);
			path = "The Memory";
			sourceTree = "<group>";
		};
		75E9CF652A41E13C008398EE /* Views */ = {
			isa = PBXGroup;
			children = (
				75D2F8F62A39A8F900728AEB /* CardsCollectionView.swift */,
				75D2F8F82A39A9EA00728AEB /* CardsCollectionViewCell.swift */,
				75ECBFEB2A456E21000970F0 /* TimerView.swift */,
			);
			path = Views;
			sourceTree = "<group>";
		};
		75E9CF662A41E147008398EE /* ViewControllers */ = {
			isa = PBXGroup;
			children = (
				75D2F8E32A399EFA00728AEB /* GameViewController.swift */,
				75E9CF672A41E205008398EE /* MenuViewController.swift */,
			);
			path = ViewControllers;
			sourceTree = "<group>";
		};
/* End PBXGroup section */

/* Begin PBXNativeTarget section */
		75D2F8DB2A399EFA00728AEB /* The Memory */ = {
			isa = PBXNativeTarget;
			buildConfigurationList = 75D2F8F32A399EFD00728AEB /* Build configuration list for PBXNativeTarget "The Memory" */;
			buildPhases = (
				75D2F8D82A399EFA00728AEB /* Sources */,
				75D2F8D92A399EFA00728AEB /* Frameworks */,
				75D2F8DA2A399EFA00728AEB /* Resources */,
			);
			buildRules = (
			);
			dependencies = (
			);
			name = "The Memory";
			productName = "The Memory";
			productReference = 75D2F8DC2A399EFA00728AEB /* The Memory.app */;
			productType = "com.apple.product-type.application";
		};
/* End PBXNativeTarget section */

/* Begin PBXProject section */
		75D2F8D42A399EFA00728AEB /* Project object */ = {
			isa = PBXProject;
			attributes = {
				BuildIndependentTargetsInParallel = 1;
				LastSwiftUpdateCheck = 1340;
				LastUpgradeCheck = 1340;
				TargetAttributes = {
					75D2F8DB2A399EFA00728AEB = {
						CreatedOnToolsVersion = 13.4.1;
					};
				};
			};
			buildConfigurationList = 75D2F8D72A399EFA00728AEB /* Build configuration list for PBXProject "The Memory" */;
			compatibilityVersion = "Xcode 13.0";
			developmentRegion = en;
			hasScannedForEncodings = 0;
			knownRegions = (
				en,
				Base,
			);
			mainGroup = 75D2F8D32A399EFA00728AEB;
			productRefGroup = 75D2F8DD2A399EFA00728AEB /* Products */;
			projectDirPath = "";
			projectRoot = "";
			targets = (
				75D2F8DB2A399EFA00728AEB /* The Memory */,
			);
		};
/* End PBXProject section */

/* Begin PBXResourcesBuildPhase section */
		75D2F8DA2A399EFA00728AEB /* Resources */ = {
			isa = PBXResourcesBuildPhase;
			buildActionMask = 2147483647;
			files = (
				75D2F8EF2A399EFD00728AEB /* LaunchScreen.storyboard in Resources */,
				75D2F8EC2A399EFD00728AEB /* Assets.xcassets in Resources */,
			);
			runOnlyForDeploymentPostprocessing = 0;
		};
/* End PBXResourcesBuildPhase section */

/* Begin PBXSourcesBuildPhase section */
		75D2F8D82A399EFA00728AEB /* Sources */ = {
			isa = PBXSourcesBuildPhase;
			buildActionMask = 2147483647;
			files = (
				75D2F8EA2A399EFA00728AEB /* The_Memory.xcdatamodeld in Sources */,
				75E9CF682A41E205008398EE /* MenuViewController.swift in Sources */,
				75BFC5822A42E83B003C0850 /* StorageManager.swift in Sources */,
				75D2F8E42A399EFA00728AEB /* GameViewController.swift in Sources */,
				757CF7142A3B14BC00A05D63 /* CardsGenerator.swift in Sources */,
				75ECBFEC2A456E21000970F0 /* TimerView.swift in Sources */,
				75D2F8E02A399EFA00728AEB /* AppDelegate.swift in Sources */,
				75D2F8E22A399EFA00728AEB /* SceneDelegate.swift in Sources */,
				75D2F8F92A39A9EA00728AEB /* CardsCollectionViewCell.swift in Sources */,
				75D2F8F72A39A8F900728AEB /* CardsCollectionView.swift in Sources */,
			);
			runOnlyForDeploymentPostprocessing = 0;
		};
/* End PBXSourcesBuildPhase section */

/* Begin PBXVariantGroup section */
		75D2F8ED2A399EFD00728AEB /* LaunchScreen.storyboard */ = {
			isa = PBXVariantGroup;
			children = (
				75D2F8EE2A399EFD00728AEB /* Base */,
			);
			name = LaunchScreen.storyboard;
			sourceTree = "<group>";
		};
/* End PBXVariantGroup section */

/* Begin XCBuildConfiguration section */
		75D2F8F12A399EFD00728AEB /* Debug */ = {
			isa = XCBuildConfiguration;
			buildSettings = {
				ALWAYS_SEARCH_USER_PATHS = NO;
				CLANG_ANALYZER_NONNULL = YES;
				CLANG_ANALYZER_NUMBER_OBJECT_CONVERSION = YES_AGGRESSIVE;
				CLANG_CXX_LANGUAGE_STANDARD = "gnu++17";
				CLANG_ENABLE_MODULES = YES;
				CLANG_ENABLE_OBJC_ARC = YES;
				CLANG_ENABLE_OBJC_WEAK = YES;
				CLANG_WARN_BLOCK_CAPTURE_AUTORELEASING = YES;
				CLANG_WARN_BOOL_CONVERSION = YES;
				CLANG_WARN_COMMA = YES;
				CLANG_WARN_CONSTANT_CONVERSION = YES;
				CLANG_WARN_DEPRECATED_OBJC_IMPLEMENTATIONS = YES;
				CLANG_WARN_DIRECT_OBJC_ISA_USAGE = YES_ERROR;
				CLANG_WARN_DOCUMENTATION_COMMENTS = YES;
				CLANG_WARN_EMPTY_BODY = YES;
				CLANG_WARN_ENUM_CONVERSION = YES;
				CLANG_WARN_INFINITE_RECURSION = YES;
				CLANG_WARN_INT_CONVERSION = YES;
				CLANG_WARN_NON_LITERAL_NULL_CONVERSION = YES;
				CLANG_WARN_OBJC_IMPLICIT_RETAIN_SELF = YES;
				CLANG_WARN_OBJC_LITERAL_CONVERSION = YES;
				CLANG_WARN_OBJC_ROOT_CLASS = YES_ERROR;
				CLANG_WARN_QUOTED_INCLUDE_IN_FRAMEWORK_HEADER = YES;
				CLANG_WARN_RANGE_LOOP_ANALYSIS = YES;
				CLANG_WARN_STRICT_PROTOTYPES = YES;
				CLANG_WARN_SUSPICIOUS_MOVE = YES;
				CLANG_WARN_UNGUARDED_AVAILABILITY = YES_AGGRESSIVE;
				CLANG_WARN_UNREACHABLE_CODE = YES;
				CLANG_WARN__DUPLICATE_METHOD_MATCH = YES;
				COPY_PHASE_STRIP = NO;
				DEBUG_INFORMATION_FORMAT = dwarf;
				ENABLE_STRICT_OBJC_MSGSEND = YES;
				ENABLE_TESTABILITY = YES;
				GCC_C_LANGUAGE_STANDARD = gnu11;
				GCC_DYNAMIC_NO_PIC = NO;
				GCC_NO_COMMON_BLOCKS = YES;
				GCC_OPTIMIZATION_LEVEL = 0;
				GCC_PREPROCESSOR_DEFINITIONS = (
					"DEBUG=1",
					"$(inherited)",
				);
				GCC_WARN_64_TO_32_BIT_CONVERSION = YES;
				GCC_WARN_ABOUT_RETURN_TYPE = YES_ERROR;
				GCC_WARN_UNDECLARED_SELECTOR = YES;
				GCC_WARN_UNINITIALIZED_AUTOS = YES_AGGRESSIVE;
				GCC_WARN_UNUSED_FUNCTION = YES;
				GCC_WARN_UNUSED_VARIABLE = YES;
				IPHONEOS_DEPLOYMENT_TARGET = 15.5;
				MTL_ENABLE_DEBUG_INFO = INCLUDE_SOURCE;
				MTL_FAST_MATH = YES;
				ONLY_ACTIVE_ARCH = YES;
				SDKROOT = iphoneos;
				SWIFT_ACTIVE_COMPILATION_CONDITIONS = DEBUG;
				SWIFT_OPTIMIZATION_LEVEL = "-Onone";
			};
			name = Debug;
		};
		75D2F8F22A399EFD00728AEB /* Release */ = {
			isa = XCBuildConfiguration;
			buildSettings = {
				ALWAYS_SEARCH_USER_PATHS = NO;
				CLANG_ANALYZER_NONNULL = YES;
				CLANG_ANALYZER_NUMBER_OBJECT_CONVERSION = YES_AGGRESSIVE;
				CLANG_CXX_LANGUAGE_STANDARD = "gnu++17";
				CLANG_ENABLE_MODULES = YES;
				CLANG_ENABLE_OBJC_ARC = YES;
				CLANG_ENABLE_OBJC_WEAK = YES;
				CLANG_WARN_BLOCK_CAPTURE_AUTORELEASING = YES;
				CLANG_WARN_BOOL_CONVERSION = YES;
				CLANG_WARN_COMMA = YES;
				CLANG_WARN_CONSTANT_CONVERSION = YES;
				CLANG_WARN_DEPRECATED_OBJC_IMPLEMENTATIONS = YES;
				CLANG_WARN_DIRECT_OBJC_ISA_USAGE = YES_ERROR;
				CLANG_WARN_DOCUMENTATION_COMMENTS = YES;
				CLANG_WARN_EMPTY_BODY = YES;
				CLANG_WARN_ENUM_CONVERSION = YES;
				CLANG_WARN_INFINITE_RECURSION = YES;
				CLANG_WARN_INT_CONVERSION = YES;
				CLANG_WARN_NON_LITERAL_NULL_CONVERSION = YES;
				CLANG_WARN_OBJC_IMPLICIT_RETAIN_SELF = YES;
				CLANG_WARN_OBJC_LITERAL_CONVERSION = YES;
				CLANG_WARN_OBJC_ROOT_CLASS = YES_ERROR;
				CLANG_WARN_QUOTED_INCLUDE_IN_FRAMEWORK_HEADER = YES;
				CLANG_WARN_RANGE_LOOP_ANALYSIS = YES;
				CLANG_WARN_STRICT_PROTOTYPES = YES;
				CLANG_WARN_SUSPICIOUS_MOVE = YES;
				CLANG_WARN_UNGUARDED_AVAILABILITY = YES_AGGRESSIVE;
				CLANG_WARN_UNREACHABLE_CODE = YES;
				CLANG_WARN__DUPLICATE_METHOD_MATCH = YES;
				COPY_PHASE_STRIP = NO;
				DEBUG_INFORMATION_FORMAT = "dwarf-with-dsym";
				ENABLE_NS_ASSERTIONS = NO;
				ENABLE_STRICT_OBJC_MSGSEND = YES;
				GCC_C_LANGUAGE_STANDARD = gnu11;
				GCC_NO_COMMON_BLOCKS = YES;
				GCC_WARN_64_TO_32_BIT_CONVERSION = YES;
				GCC_WARN_ABOUT_RETURN_TYPE = YES_ERROR;
				GCC_WARN_UNDECLARED_SELECTOR = YES;
				GCC_WARN_UNINITIALIZED_AUTOS = YES_AGGRESSIVE;
				GCC_WARN_UNUSED_FUNCTION = YES;
				GCC_WARN_UNUSED_VARIABLE = YES;
				IPHONEOS_DEPLOYMENT_TARGET = 15.5;
				MTL_ENABLE_DEBUG_INFO = NO;
				MTL_FAST_MATH = YES;
				SDKROOT = iphoneos;
				SWIFT_COMPILATION_MODE = wholemodule;
				SWIFT_OPTIMIZATION_LEVEL = "-O";
				VALIDATE_PRODUCT = YES;
			};
			name = Release;
		};
		75D2F8F42A399EFD00728AEB /* Debug */ = {
			isa = XCBuildConfiguration;
			buildSettings = {
				ASSETCATALOG_COMPILER_APPICON_NAME = AppIcon;
				ASSETCATALOG_COMPILER_GLOBAL_ACCENT_COLOR_NAME = AccentColor;
				CODE_SIGN_STYLE = Automatic;
				CURRENT_PROJECT_VERSION = 1;
				DEVELOPMENT_TEAM = CUZY8VXRQ9;
				GENERATE_INFOPLIST_FILE = YES;
				INFOPLIST_FILE = "The Memory/Info.plist";
				INFOPLIST_KEY_UIApplicationSupportsIndirectInputEvents = YES;
				INFOPLIST_KEY_UILaunchStoryboardName = LaunchScreen;
				INFOPLIST_KEY_UISupportedInterfaceOrientations_iPad = "UIInterfaceOrientationPortrait UIInterfaceOrientationPortraitUpsideDown UIInterfaceOrientationLandscapeLeft UIInterfaceOrientationLandscapeRight";
				INFOPLIST_KEY_UISupportedInterfaceOrientations_iPhone = "UIInterfaceOrientationPortrait UIInterfaceOrientationLandscapeLeft UIInterfaceOrientationLandscapeRight";
				LD_RUNPATH_SEARCH_PATHS = (
					"$(inherited)",
					"@executable_path/Frameworks",
				);
				MARKETING_VERSION = 1.0;
				PRODUCT_BUNDLE_IDENTIFIER = "com.almo8800.The-Memory";
				PRODUCT_NAME = "$(TARGET_NAME)";
				SWIFT_EMIT_LOC_STRINGS = YES;
				SWIFT_VERSION = 5.0;
				TARGETED_DEVICE_FAMILY = "1,2";
			};
			name = Debug;
		};
		75D2F8F52A399EFD00728AEB /* Release */ = {
			isa = XCBuildConfiguration;
			buildSettings = {
				ASSETCATALOG_COMPILER_APPICON_NAME = AppIcon;
				ASSETCATALOG_COMPILER_GLOBAL_ACCENT_COLOR_NAME = AccentColor;
				CODE_SIGN_STYLE = Automatic;
				CURRENT_PROJECT_VERSION = 1;
				DEVELOPMENT_TEAM = CUZY8VXRQ9;
				GENERATE_INFOPLIST_FILE = YES;
				INFOPLIST_FILE = "The Memory/Info.plist";
				INFOPLIST_KEY_UIApplicationSupportsIndirectInputEvents = YES;
				INFOPLIST_KEY_UILaunchStoryboardName = LaunchScreen;
				INFOPLIST_KEY_UISupportedInterfaceOrientations_iPad = "UIInterfaceOrientationPortrait UIInterfaceOrientationPortraitUpsideDown UIInterfaceOrientationLandscapeLeft UIInterfaceOrientationLandscapeRight";
				INFOPLIST_KEY_UISupportedInterfaceOrientations_iPhone = "UIInterfaceOrientationPortrait UIInterfaceOrientationLandscapeLeft UIInterfaceOrientationLandscapeRight";
				LD_RUNPATH_SEARCH_PATHS = (
					"$(inherited)",
					"@executable_path/Frameworks",
				);
				MARKETING_VERSION = 1.0;
				PRODUCT_BUNDLE_IDENTIFIER = "com.almo8800.The-Memory";
				PRODUCT_NAME = "$(TARGET_NAME)";
				SWIFT_EMIT_LOC_STRINGS = YES;
				SWIFT_VERSION = 5.0;
				TARGETED_DEVICE_FAMILY = "1,2";
			};
			name = Release;
		};
/* End XCBuildConfiguration section */

/* Begin XCConfigurationList section */
		75D2F8D72A399EFA00728AEB /* Build configuration list for PBXProject "The Memory" */ = {
			isa = XCConfigurationList;
			buildConfigurations = (
				75D2F8F12A399EFD00728AEB /* Debug */,
				75D2F8F22A399EFD00728AEB /* Release */,
			);
			defaultConfigurationIsVisible = 0;
			defaultConfigurationName = Release;
		};
		75D2F8F32A399EFD00728AEB /* Build configuration list for PBXNativeTarget "The Memory" */ = {
			isa = XCConfigurationList;
			buildConfigurations = (
				75D2F8F42A399EFD00728AEB /* Debug */,
				75D2F8F52A399EFD00728AEB /* Release */,
			);
			defaultConfigurationIsVisible = 0;
			defaultConfigurationName = Release;
		};
/* End XCConfigurationList section */

/* Begin XCVersionGroup section */
		75D2F8E82A399EFA00728AEB /* The_Memory.xcdatamodeld */ = {
			isa = XCVersionGroup;
			children = (
				75D2F8E92A399EFA00728AEB /* The_Memory.xcdatamodel */,
			);
			currentVersion = 75D2F8E92A399EFA00728AEB /* The_Memory.xcdatamodel */;
			path = The_Memory.xcdatamodeld;
			sourceTree = "<group>";
			versionGroupType = wrapper.xcdatamodel;
		};
/* End XCVersionGroup section */
	};
	rootObject = 75D2F8D42A399EFA00728AEB /* Project object */;
}
